
Microsoft Visual Studio Solution File, Format Version 12.00
# Visual Studio Version 16
VisualStudioVersion = 16.0.30114.105
MinimumVisualStudioVersion = 10.0.40219.1
Project("{FAE04EC0-301F-11D3-BF4B-00C04F79EFBC}") = "Envirosaurus.API", "Envirosaurus.API\Envirosaurus.API.csproj", "{298E0FEE-B7CF-4D07-861F-6964810C8EB3}"
EndProject
Project("{FAE04EC0-301F-11D3-BF4B-00C04F79EFBC}") = "Envirosaurus.Core", "Envirosaurus.Core\Envirosaurus.Core.csproj", "{54312FE7-B55D-4CE2-B7CF-6075F3B085FE}"
EndProject
Project("{FAE04EC0-301F-11D3-BF4B-00C04F79EFBC}") = "Envirosaurus.Web", "Envirosaurus.Web\Envirosaurus.Web.csproj", "{F203CD92-D0B8-4E4E-9A19-68ACF61E9641}"
EndProject
Project("{FAE04EC0-301F-11D3-BF4B-00C04F79EFBC}") = "Envirosaurus.DB", "Envirosaurus.DB\Envirosaurus.DB.csproj", "{338B3827-588A-42A5-A488-E52FB8873CFB}"
EndProject
Global
	GlobalSection(SolutionConfigurationPlatforms) = preSolution
		Debug|Any CPU = Debug|Any CPU
		Release|Any CPU = Release|Any CPU
	EndGlobalSection
	GlobalSection(SolutionProperties) = preSolution
		HideSolutionNode = FALSE
	EndGlobalSection
	GlobalSection(ProjectConfigurationPlatforms) = postSolution
		{298E0FEE-B7CF-4D07-861F-6964810C8EB3}.Debug|Any CPU.ActiveCfg = Debug|Any CPU
		{298E0FEE-B7CF-4D07-861F-6964810C8EB3}.Debug|Any CPU.Build.0 = Debug|Any CPU
		{298E0FEE-B7CF-4D07-861F-6964810C8EB3}.Release|Any CPU.ActiveCfg = Release|Any CPU
		{298E0FEE-B7CF-4D07-861F-6964810C8EB3}.Release|Any CPU.Build.0 = Release|Any CPU
		{54312FE7-B55D-4CE2-B7CF-6075F3B085FE}.Debug|Any CPU.ActiveCfg = Debug|Any CPU
		{54312FE7-B55D-4CE2-B7CF-6075F3B085FE}.Debug|Any CPU.Build.0 = Debug|Any CPU
		{54312FE7-B55D-4CE2-B7CF-6075F3B085FE}.Release|Any CPU.ActiveCfg = Release|Any CPU
		{54312FE7-B55D-4CE2-B7CF-6075F3B085FE}.Release|Any CPU.Build.0 = Release|Any CPU
		{F203CD92-D0B8-4E4E-9A19-68ACF61E9641}.Debug|Any CPU.ActiveCfg = Debug|Any CPU
		{F203CD92-D0B8-4E4E-9A19-68ACF61E9641}.Debug|Any CPU.Build.0 = Debug|Any CPU
		{F203CD92-D0B8-4E4E-9A19-68ACF61E9641}.Release|Any CPU.ActiveCfg = Release|Any CPU
		{F203CD92-D0B8-4E4E-9A19-68ACF61E9641}.Release|Any CPU.Build.0 = Release|Any CPU
		{338B3827-588A-42A5-A488-E52FB8873CFB}.Debug|Any CPU.ActiveCfg = Debug|Any CPU
		{338B3827-588A-42A5-A488-E52FB8873CFB}.Debug|Any CPU.Build.0 = Debug|Any CPU
		{338B3827-588A-42A5-A488-E52FB8873CFB}.Release|Any CPU.ActiveCfg = Release|Any CPU
		{338B3827-588A-42A5-A488-E52FB8873CFB}.Release|Any CPU.Build.0 = Release|Any CPU
	EndGlobalSection
EndGlobal
